{
  "name": "less-learn",
  "version": "1.0.0",
  "lockfileVersion": 2,
  "requires": true,
  "packages": {
    "": {
      "name": "less-learn",
      "version": "1.0.0",
      "license": "ISC",
      "devDependencies": {
        "less": "^4.1.1"
      }
    },
    "node_modules/copy-anything": {
      "version": "2.0.3",
      "resolved": "http://artifactory.intra.ke.com/artifactory/api/npm/npm-virtual/copy-anything/download/copy-anything-2.0.3.tgz",
      "integrity": "sha1-hCQHugJGaw34RIGbvjuuu+XUXYc=",
      "dev": true,
      "license": "MIT",
      "dependencies": {
        "is-what": "^3.12.0"
      }
    },
    "node_modules/debug": {
      "version": "3.2.7",
      "resolved": "http://artifactory.intra.ke.com/artifactory/api/npm/npm-virtual/debug/download/debug-3.2.7.tgz",
      "integrity": "sha1-clgLfpFF+zm2Z2+cXl+xALk0F5o=",
      "dev": true,
      "license": "MIT",
      "optional": true,
      "dependencies": {
        "ms": "^2.1.1"
      }
    },
    "node_modules/errno": {
      "version": "0.1.8",
      "resolved": "http://artifactory.intra.ke.com/artifactory/api/npm/npm-virtual/errno/download/errno-0.1.8.tgz",
      "integrity": "sha1-i7Ppx9Rjvkl2/4iPdrSAnrwugR8=",
      "dev": true,
      "license": "MIT",
      "optional": true,
      "dependencies": {
        "prr": "~1.0.1"
      },
      "bin": {
        "errno": "cli.js"
      }
    },
    "node_modules/graceful-fs": {
      "version": "4.2.8",
      "resolved": "http://artifactory.intra.ke.com/artifactory/api/npm/npm-virtual/graceful-fs/download/graceful-fs-4.2.8.tgz",
      "integrity": "sha1-5BK40z9eAGWTy9PO5t+fLOu+gCo=",
      "dev": true,
      "license": "ISC",
      "optional": true
    },
    "node_modules/iconv-lite": {
      "version": "0.4.24",
      "resolved": "http://artifactory.intra.ke.com/artifactory/api/npm/npm-virtual/iconv-lite/download/iconv-lite-0.4.24.tgz",
      "integrity": "sha1-ICK0sl+93CHS9SSXSkdKr+czkIs=",
      "dev": true,
      "license": "MIT",
      "optional": true,
      "dependencies": {
        "safer-buffer": ">= 2.1.2 < 3"
      },
      "engines": {
        "node": ">=0.10.0"
      }
    },
    "node_modules/image-size": {
      "version": "0.5.5",
      "resolved": "http://artifactory.intra.ke.com/artifactory/api/npm/npm-virtual/image-size/download/image-size-0.5.5.tgz",
      "integrity": "sha1-Cd/Uq50g4p6xw+gLiZA3jfnjy5w=",
      "dev": true,
      "license": "MIT",
      "optional": true,
      "bin": {
        "image-size": "bin/image-size.js"
      },
      "engines": {
        "node": ">=0.10.0"
      }
    },
    "node_modules/is-what": {
      "version": "3.14.1",
      "resolved": "http://artifactory.intra.ke.com/artifactory/api/npm/npm-virtual/is-what/download/is-what-3.14.1.tgz",
      "integrity": "sha1-4SIvRt3ahd6tD9HJ3xMXYOd3VcE=",
      "dev": true,
      "license": "MIT"
    },
    "node_modules/less": {
      "version": "4.1.1",
      "resolved": "http://artifactory.intra.ke.com/artifactory/api/npm/npm-virtual/less/download/less-4.1.1.tgz",
      "integrity": "sha1-Fb8lOpk5eR3GkIiMP/Qk8+bH7bo=",
      "dev": true,
      "license": "Apache-2.0",
      "dependencies": {
        "copy-anything": "^2.0.1",
        "parse-node-version": "^1.0.1",
        "tslib": "^1.10.0"
      },
      "bin": {
        "lessc": "bin/lessc"
      },
      "engines": {
        "node": ">=6"
      },
      "optionalDependencies": {
        "errno": "^0.1.1",
        "graceful-fs": "^4.1.2",
        "image-size": "~0.5.0",
        "make-dir": "^2.1.0",
        "mime": "^1.4.1",
        "needle": "^2.5.2",
        "source-map": "~0.6.0"
      }
    },
    "node_modules/make-dir": {
      "version": "2.1.0",
      "resolved": "http://artifactory.intra.ke.com/artifactory/api/npm/npm-virtual/make-dir/download/make-dir-2.1.0.tgz",
      "integrity": "sha1-XwMQ4YuL6JjMBwCSlaMK5B6R5vU=",
      "dev": true,
      "license": "MIT",
      "optional": true,
      "dependencies": {
        "pify": "^4.0.1",
        "semver": "^5.6.0"
      },
      "engines": {
        "node": ">=6"
      }
    },
    "node_modules/mime": {
      "version": "1.6.0",
      "resolved": "http://artifactory.intra.ke.com/artifactory/api/npm/npm-virtual/mime/download/mime-1.6.0.tgz",
      "integrity": "sha1-Ms2eXGRVO9WNGaVor0Uqz/BJgbE=",
      "dev": true,
      "license": "MIT",
      "optional": true,
      "bin": {
        "mime": "cli.js"
      },
      "engines": {
        "node": ">=4"
      }
    },
    "node_modules/ms": {
      "version": "2.1.3",
      "resolved": "http://artifactory.intra.ke.com/artifactory/api/npm/npm-virtual/ms/download/ms-2.1.3.tgz",
      "integrity": "sha1-V0yBOM4dK1hh8LRFedut1gxmFbI=",
      "dev": true,
      "license": "MIT",
      "optional": true
    },
    "node_modules/needle": {
      "version": "2.9.1",
      "resolved": "http://artifactory.intra.ke.com/artifactory/api/npm/npm-virtual/needle/download/needle-2.9.1.tgz",
      "integrity": "sha1-ItHf++NJDCuD4wH3cJtnNs2PJoQ=",
      "dev": true,
      "license": "MIT",
      "optional": true,
      "dependencies": {
        "debug": "^3.2.6",
        "iconv-lite": "^0.4.4",
        "sax": "^1.2.4"
      },
      "bin": {
        "needle": "bin/needle"
      },
      "engines": {
        "node": ">= 4.4.x"
      }
    },
    "node_modules/parse-node-version": {
      "version": "1.0.1",
      "resolved": "http://artifactory.intra.ke.com/artifactory/api/npm/npm-virtual/parse-node-version/download/parse-node-version-1.0.1.tgz",
      "integrity": "sha1-4rXb7eAOf6m8NjYH9TMn6LBzGJs=",
      "dev": true,
      "license": "MIT",
      "engines": {
        "node": ">= 0.10"
      }
    },
    "node_modules/pify": {
      "version": "4.0.1",
      "resolved": "http://artifactory.intra.ke.com/artifactory/api/npm/npm-virtual/pify/download/pify-4.0.1.tgz",
      "integrity": "sha1-SyzSXFDVmHNcUCkiJP2MbfQeMjE=",
      "dev": true,
      "license": "MIT",
      "optional": true,
      "engines": {
        "node": ">=6"
      }
    },
    "node_modules/prr": {
      "version": "1.0.1",
      "resolved": "http://artifactory.intra.ke.com/artifactory/api/npm/npm-virtual/prr/download/prr-1.0.1.tgz",
      "integrity": "sha1-0/wRS6BplaRexok/SEzrHXj19HY=",
      "dev": true,
      "license": "MIT",
      "optional": true
    },
    "node_modules/safer-buffer": {
      "version": "2.1.2",
      "resolved": "http://artifactory.intra.ke.com/artifactory/api/npm/npm-virtual/safer-buffer/download/safer-buffer-2.1.2.tgz",
      "integrity": "sha1-RPoWGwGHuVSd2Eu5GAL5vYOFzWo=",
      "dev": true,
      "license": "MIT",
      "optional": true
    },
    "node_modules/sax": {
      "version": "1.2.4",
      "resolved": "http://artifactory.intra.ke.com/artifactory/api/npm/npm-virtual/sax/download/sax-1.2.4.tgz",
      "integrity": "sha1-KBYjTiN4vdxOU1T6tcqold9xANk=",
      "dev": true,
      "license": "ISC",
      "optional": true
    },
    "node_modules/semver": {
      "version": "5.7.1",
      "resolved": "http://artifactory.intra.ke.com/artifactory/api/npm/npm-virtual/semver/download/semver-5.7.1.tgz",
      "integrity": "sha1-qVT5Ma66UI0we78Gnv8MAclhFvc=",
      "dev": true,
      "license": "ISC",
      "optional": true,
      "bin": {
        "semver": "bin/semver"
      }
    },
    "node_modules/source-map": {
      "version": "0.6.1",
      "resolved": "http://artifactory.intra.ke.com/artifactory/api/npm/npm-virtual/source-map/download/source-map-0.6.1.tgz",
      "integrity": "sha1-dHIq8y6WFOnCh6jQu95IteLxomM=",
      "dev": true,
      "license": "BSD-3-Clause",
      "optional": true,
      "engines": {
        "node": ">=0.10.0"
      }
    },
    "node_modules/tslib": {
      "version": "1.14.1",
      "resolved": "http://artifactory.intra.ke.com/artifactory/api/npm/npm-virtual/tslib/download/tslib-1.14.1.tgz",
      "integrity": "sha1-zy04vcNKE0vK8QkcQfZhni9nLQA=",
      "dev": true,
      "license": "0BSD"
    }
  },
  "dependencies": {
    "copy-anything": {
      "version": "2.0.3",
      "resolved": "http://artifactory.intra.ke.com/artifactory/api/npm/npm-virtual/copy-anything/download/copy-anything-2.0.3.tgz",
      "integrity": "sha1-hCQHugJGaw34RIGbvjuuu+XUXYc=",
      "dev": true,
      "requires": {
        "is-what": "^3.12.0"
      }
    },
    "debug": {
      "version": "3.2.7",
      "resolved": "http://artifactory.intra.ke.com/artifactory/api/npm/npm-virtual/debug/download/debug-3.2.7.tgz",
      "integrity": "sha1-clgLfpFF+zm2Z2+cXl+xALk0F5o=",
      "dev": true,
      "optional": true,
      "requires": {
        "ms": "^2.1.1"
      }
    },
    "errno": {
      "version": "0.1.8",
      "resolved": "http://artifactory.intra.ke.com/artifactory/api/npm/npm-virtual/errno/download/errno-0.1.8.tgz",
      "integrity": "sha1-i7Ppx9Rjvkl2/4iPdrSAnrwugR8=",
      "dev": true,
      "optional": true,
      "requires": {
        "prr": "~1.0.1"
      }
    },
    "graceful-fs": {
      "version": "4.2.8",
      "resolved": "http://artifactory.intra.ke.com/artifactory/api/npm/npm-virtual/graceful-fs/download/graceful-fs-4.2.8.tgz",
      "integrity": "sha1-5BK40z9eAGWTy9PO5t+fLOu+gCo=",
      "dev": true,
      "optional": true
    },
    "iconv-lite": {
      "version": "0.4.24",
      "resolved": "http://artifactory.intra.ke.com/artifactory/api/npm/npm-virtual/iconv-lite/download/iconv-lite-0.4.24.tgz",
      "integrity": "sha1-ICK0sl+93CHS9SSXSkdKr+czkIs=",
      "dev": true,
      "optional": true,
      "requires": {
        "safer-buffer": ">= 2.1.2 < 3"
      }
    },
    "image-size": {
      "version": "0.5.5",
      "resolved": "http://artifactory.intra.ke.com/artifactory/api/npm/npm-virtual/image-size/download/image-size-0.5.5.tgz",
      "integrity": "sha1-Cd/Uq50g4p6xw+gLiZA3jfnjy5w=",
      "dev": true,
      "optional": true
    },
    "is-what": {
      "version": "3.14.1",
      "resolved": "http://artifactory.intra.ke.com/artifactory/api/npm/npm-virtual/is-what/download/is-what-3.14.1.tgz",
      "integrity": "sha1-4SIvRt3ahd6tD9HJ3xMXYOd3VcE=",
      "dev": true
    },
    "less": {
      "version": "4.1.1",
      "resolved": "http://artifactory.intra.ke.com/artifactory/api/npm/npm-virtual/less/download/less-4.1.1.tgz",
      "integrity": "sha1-Fb8lOpk5eR3GkIiMP/Qk8+bH7bo=",
      "dev": true,
      "requires": {
        "copy-anything": "^2.0.1",
        "errno": "^0.1.1",
        "graceful-fs": "^4.1.2",
        "image-size": "~0.5.0",
        "make-dir": "^2.1.0",
        "mime": "^1.4.1",
        "needle": "^2.5.2",
        "parse-node-version": "^1.0.1",
        "source-map": "~0.6.0",
        "tslib": "^1.10.0"
      }
    },
    "make-dir": {
      "version": "2.1.0",
      "resolved": "http://artifactory.intra.ke.com/artifactory/api/npm/npm-virtual/make-dir/download/make-dir-2.1.0.tgz",
      "integrity": "sha1-XwMQ4YuL6JjMBwCSlaMK5B6R5vU=",
      "dev": true,
      "optional": true,
      "requires": {
        "pify": "^4.0.1",
        "semver": "^5.6.0"
      }
    },
    "mime": {
      "version": "1.6.0",
      "resolved": "http://artifactory.intra.ke.com/artifactory/api/npm/npm-virtual/mime/download/mime-1.6.0.tgz",
      "integrity": "sha1-Ms2eXGRVO9WNGaVor0Uqz/BJgbE=",
      "dev": true,
      "optional": true
    },
    "ms": {
      "version": "2.1.3",
      "resolved": "http://artifactory.intra.ke.com/artifactory/api/npm/npm-virtual/ms/download/ms-2.1.3.tgz",
      "integrity": "sha1-V0yBOM4dK1hh8LRFedut1gxmFbI=",
      "dev": true,
      "optional": true
    },
    "needle": {
      "version": "2.9.1",
      "resolved": "http://artifactory.intra.ke.com/artifactory/api/npm/npm-virtual/needle/download/needle-2.9.1.tgz",
      "integrity": "sha1-ItHf++NJDCuD4wH3cJtnNs2PJoQ=",
      "dev": true,
      "optional": true,
      "requires": {
        "debug": "^3.2.6",
        "iconv-lite": "^0.4.4",
        "sax": "^1.2.4"
      }
    },
    "parse-node-version": {
      "version": "1.0.1",
      "resolved": "http://artifactory.intra.ke.com/artifactory/api/npm/npm-virtual/parse-node-version/download/parse-node-version-1.0.1.tgz",
      "integrity": "sha1-4rXb7eAOf6m8NjYH9TMn6LBzGJs=",
      "dev": true
    },
    "pify": {
      "version": "4.0.1",
      "resolved": "http://artifactory.intra.ke.com/artifactory/api/npm/npm-virtual/pify/download/pify-4.0.1.tgz",
      "integrity": "sha1-SyzSXFDVmHNcUCkiJP2MbfQeMjE=",
      "dev": true,
      "optional": true
    },
    "prr": {
      "version": "1.0.1",
      "resolved": "http://artifactory.intra.ke.com/artifactory/api/npm/npm-virtual/prr/download/prr-1.0.1.tgz",
      "integrity": "sha1-0/wRS6BplaRexok/SEzrHXj19HY=",
      "dev": true,
      "optional": true
    },
    "safer-buffer": {
      "version": "2.1.2",
      "resolved": "http://artifactory.intra.ke.com/artifactory/api/npm/npm-virtual/safer-buffer/download/safer-buffer-2.1.2.tgz",
      "integrity": "sha1-RPoWGwGHuVSd2Eu5GAL5vYOFzWo=",
      "dev": true,
      "optional": true
    },
    "sax": {
      "version": "1.2.4",
      "resolved": "http://artifactory.intra.ke.com/artifactory/api/npm/npm-virtual/sax/download/sax-1.2.4.tgz",
      "integrity": "sha1-KBYjTiN4vdxOU1T6tcqold9xANk=",
      "dev": true,
      "optional": true
    },
    "semver": {
      "version": "5.7.1",
      "resolved": "http://artifactory.intra.ke.com/artifactory/api/npm/npm-virtual/semver/download/semver-5.7.1.tgz",
      "integrity": "sha1-qVT5Ma66UI0we78Gnv8MAclhFvc=",
      "dev": true,
      "optional": true
    },
    "source-map": {
      "version": "0.6.1",
      "resolved": "http://artifactory.intra.ke.com/artifactory/api/npm/npm-virtual/source-map/download/source-map-0.6.1.tgz",
      "integrity": "sha1-dHIq8y6WFOnCh6jQu95IteLxomM=",
      "dev": true,
      "optional": true
    },
    "tslib": {
      "version": "1.14.1",
      "resolved": "http://artifactory.intra.ke.com/artifactory/api/npm/npm-virtual/tslib/download/tslib-1.14.1.tgz",
      "integrity": "sha1-zy04vcNKE0vK8QkcQfZhni9nLQA=",
      "dev": true
    }
  }
}
